// !$*UTF8*$!
{
	archiveVersion = 1;
	classes = {
	};
	objectVersion = 46;
	objects = {

/* Begin PBXBuildFile section */
		18E39E031EF8152A0090B36B /* SecondViewController.swift in Sources */ = {isa = PBXBuildFile; fileRef = 18E39E021EF8152A0090B36B /* SecondViewController.swift */; };
		18E9F9BE1EF7CB0300E4705C /* AppDelegate.swift in Sources */ = {isa = PBXBuildFile; fileRef = 18E9F9BD1EF7CB0300E4705C /* AppDelegate.swift */; };
		18E9F9C01EF7CB0400E4705C /* ViewController.swift in Sources */ = {isa = PBXBuildFile; fileRef = 18E9F9BF1EF7CB0400E4705C /* ViewController.swift */; };
		18E9F9C31EF7CB0400E4705C /* Main.storyboard in Resources */ = {isa = PBXBuildFile; fileRef = 18E9F9C11EF7CB0400E4705C /* Main.storyboard */; };
		18E9F9C51EF7CB0400E4705C /* Assets.xcassets in Resources */ = {isa = PBXBuildFile; fileRef = 18E9F9C41EF7CB0400E4705C /* Assets.xcassets */; };
		18E9F9C81EF7CB0400E4705C /* LaunchScreen.storyboard in Resources */ = {isa = PBXBuildFile; fileRef = 18E9F9C61EF7CB0400E4705C /* LaunchScreen.storyboard */; };
		2A93C15AFBA4BD8A1067F588 /* Pods_PieChartWithPercentageAndTitle.framework in Frameworks */ = {isa = PBXBuildFile; fileRef = 315A8D9F4E8B4C772BED4BD7 /* Pods_PieChartWithPercentageAndTitle.framework */; };
/* End PBXBuildFile section */

/* Begin PBXFileReference section */
		18E39E021EF8152A0090B36B /* SecondViewController.swift */ = {isa = PBXFileReference; fileEncoding = 4; lastKnownFileType = sourcecode.swift; path = SecondViewController.swift; sourceTree = "<group>"; };
		18E9F9BA1EF7CB0300E4705C /* PieChartWithPercentageAndTitle.app */ = {isa = PBXFileReference; explicitFileType = wrapper.application; includeInIndex = 0; path = PieChartWithPercentageAndTitle.app; sourceTree = BUILT_PRODUCTS_DIR; };
		18E9F9BD1EF7CB0300E4705C /* AppDelegate.swift */ = {isa = PBXFileReference; lastKnownFileType = sourcecode.swift; path = AppDelegate.swift; sourceTree = "<group>"; };
		18E9F9BF1EF7CB0400E4705C /* ViewController.swift */ = {isa = PBXFileReference; lastKnownFileType = sourcecode.swift; path = ViewController.swift; sourceTree = "<group>"; };
		18E9F9C21EF7CB0400E4705C /* Base */ = {isa = PBXFileReference; lastKnownFileType = file.storyboard; name = Base; path = Base.lproj/Main.storyboard; sourceTree = "<group>"; };
		18E9F9C41EF7CB0400E4705C /* Assets.xcassets */ = {isa = PBXFileReference; lastKnownFileType = folder.assetcatalog; path = Assets.xcassets; sourceTree = "<group>"; };
		18E9F9C71EF7CB0400E4705C /* Base */ = {isa = PBXFileReference; lastKnownFileType = file.storyboard; name = Base; path = Base.lproj/LaunchScreen.storyboard; sourceTree = "<group>"; };
		18E9F9C91EF7CB0400E4705C /* Info.plist */ = {isa = PBXFileReference; lastKnownFileType = text.plist.xml; path = Info.plist; sourceTree = "<group>"; };
		315A8D9F4E8B4C772BED4BD7 /* Pods_PieChartWithPercentageAndTitle.framework */ = {isa = PBXFileReference; explicitFileType = wrapper.framework; includeInIndex = 0; path = Pods_PieChartWithPercentageAndTitle.framework; sourceTree = BUILT_PRODUCTS_DIR; };
		A8277243403255F665851734 /* Pods-PieChartWithPercentageAndTitle.release.xcconfig */ = {isa = PBXFileReference; includeInIndex = 1; lastKnownFileType = text.xcconfig; name = "Pods-PieChartWithPercentageAndTitle.release.xcconfig"; path = "Pods/Target Support Files/Pods-PieChartWithPercentageAndTitle/Pods-PieChartWithPercentageAndTitle.release.xcconfig"; sourceTree = "<group>"; };
		E5B7AAAEDD73779FF41ED695 /* Pods-PieChartWithPercentageAndTitle.debug.xcconfig */ = {isa = PBXFileReference; includeInIndex = 1; lastKnownFileType = text.xcconfig; name = "Pods-PieChartWithPercentageAndTitle.debug.xcconfig"; path = "Pods/Target Support Files/Pods-PieChartWithPercentageAndTitle/Pods-PieChartWithPercentageAndTitle.debug.xcconfig"; sourceTree = "<group>"; };
/* End PBXFileReference section */

/* Begin PBXFrameworksBuildPhase section */
		18E9F9B71EF7CB0300E4705C /* Frameworks */ = {
			isa = PBXFrameworksBuildPhase;
			buildActionMask = 2147483647;
			files = (
				2A93C15AFBA4BD8A1067F588 /* Pods_PieChartWithPercentageAndTitle.framework in Frameworks */,
			);
			runOnlyForDeploymentPostprocessing = 0;
		};
/* End PBXFrameworksBuildPhase section */

/* Begin PBXGroup section */
		18E9F9B11EF7CB0300E4705C = {
			isa = PBXGroup;
			children = (
				18E9F9BC1EF7CB0300E4705C /* PieChartWithPercentageAndTitle */,
				18E9F9BB1EF7CB0300E4705C /* Products */,
				8B1FDD6C5C4FDDBA43780C6A /* Pods */,
				53E7DA9C344322CA844A86D2 /* Frameworks */,
			);
			sourceTree = "<group>";
		};
		18E9F9BB1EF7CB0300E4705C /* Products */ = {
			isa = PBXGroup;
			children = (
				18E9F9BA1EF7CB0300E4705C /* PieChartWithPercentageAndTitle.app */,
			);
			name = Products;
			sourceTree = "<group>";
		};
		18E9F9BC1EF7CB0300E4705C /* PieChartWithPercentageAndTitle */ = {
			isa = PBXGroup;
			children = (
				18E9F9BD1EF7CB0300E4705C /* AppDelegate.swift */,
				18E9F9BF1EF7CB0400E4705C /* ViewController.swift */,
				18E9F9C11EF7CB0400E4705C /* Main.storyboard */,
				18E9F9C41EF7CB0400E4705C /* Assets.xcassets */,
				18E9F9C61EF7CB0400E4705C /* LaunchScreen.storyboard */,
				18E9F9C91EF7CB0400E4705C /* Info.plist */,
				18E39E021EF8152A0090B36B /* SecondViewController.swift */,
			);
			path = PieChartWithPercentageAndTitle;
			sourceTree = "<group>";
		};
		53E7DA9C344322CA844A86D2 /* Frameworks */ = {
			isa = PBXGroup;
			children = (
				315A8D9F4E8B4C772BED4BD7 /* Pods_PieChartWithPercentageAndTitle.framework */,
			);
			name = Frameworks;
			sourceTree = "<group>";
		};
		8B1FDD6C5C4FDDBA43780C6A /* Pods */ = {
			isa = PBXGroup;
			children = (
				E5B7AAAEDD73779FF41ED695 /* Pods-PieChartWithPercentageAndTitle.debug.xcconfig */,
				A8277243403255F665851734 /* Pods-PieChartWithPercentageAndTitle.release.xcconfig */,
			);
			name = Pods;
			sourceTree = "<group>";
		};
/* End PBXGroup section */

/* Begin PBXNativeTarget section */
		18E9F9B91EF7CB0300E4705C /* PieChartWithPercentageAndTitle */ = {
			isa = PBXNativeTarget;
			buildConfigurationList = 18E9F9CC1EF7CB0400E4705C /* Build configuration list for PBXNativeTarget "PieChartWithPercentageAndTitle" */;
			buildPhases = (
				A4163CC78821AB3F58B0F32A /* [CP] Check Pods Manifest.lock */,
				18E9F9B61EF7CB0300E4705C /* Sources */,
				18E9F9B71EF7CB0300E4705C /* Frameworks */,
				18E9F9B81EF7CB0300E4705C /* Resources */,
				C81B5D09474CA3EF754981A8 /* [CP] Embed Pods Frameworks */,
				6FBEEF798BA4CAD004F3E6C5 /* [CP] Copy Pods Resources */,
			);
			buildRules = (
			);
			dependencies = (
			);
			name = PieChartWithPercentageAndTitle;
			productName = PieChartWithPercentageAndTitle;
			productReference = 18E9F9BA1EF7CB0300E4705C /* PieChartWithPercentageAndTitle.app */;
			productType = "com.apple.product-type.application";
		};
/* End PBXNativeTarget section */

/* Begin PBXProject section */
		18E9F9B21EF7CB0300E4705C /* Project object */ = {
			isa = PBXProject;
			attributes = {
				LastSwiftUpdateCheck = 0830;
				LastUpgradeCheck = 0830;
				ORGANIZATIONNAME = apple;
				TargetAttributes = {
					18E9F9B91EF7CB0300E4705C = {
						CreatedOnToolsVersion = 8.3.2;
						ProvisioningStyle = Automatic;
					};
				};
			};
			buildConfigurationList = 18E9F9B51EF7CB0300E4705C /* Build configuration list for PBXProject "PieChartWithPercentageAndTitle" */;
			compatibilityVersion = "Xcode 3.2";
			developmentRegion = English;
			hasScannedForEncodings = 0;
			knownRegions = (
				en,
				Base,
			);
			mainGroup = 18E9F9B11EF7CB0300E4705C;
			productRefGroup = 18E9F9BB1EF7CB0300E4705C /* Products */;
			projectDirPath = "";
			projectRoot = "";
			targets = (
				18E9F9B91EF7CB0300E4705C /* PieChartWithPercentageAndTitle */,
			);
		};
/* End PBXProject section */

/* Begin PBXResourcesBuildPhase section */
		18E9F9B81EF7CB0300E4705C /* Resources */ = {
			isa = PBXResourcesBuildPhase;
			buildActionMask = 2147483647;
			files = (
				18E9F9C81EF7CB0400E4705C /* LaunchScreen.storyboard in Resources */,
				18E9F9C51EF7CB0400E4705C /* Assets.xcassets in Resources */,
				18E9F9C31EF7CB0400E4705C /* Main.storyboard in Resources */,
			);
			runOnlyForDeploymentPostprocessing = 0;
		};
/* End PBXResourcesBuildPhase section */

/* Begin PBXShellScriptBuildPhase section */
		6FBEEF798BA4CAD004F3E6C5 /* [CP] Copy Pods Resources */ = {
			isa = PBXShellScriptBuildPhase;
			buildActionMask = 2147483647;
			files = (
			);
			inputPaths = (
			);
			name = "[CP] Copy Pods Resources";
			outputPaths = (
			);
			runOnlyForDeploymentPostprocessing = 0;
			shellPath = /bin/sh;
			shellScript = "\"${SRCROOT}/Pods/Target Support Files/Pods-PieChartWithPercentageAndTitle/Pods-PieChartWithPercentageAndTitle-resources.sh\"\n";
			showEnvVarsInLog = 0;
		};
		A4163CC78821AB3F58B0F32A /* [CP] Check Pods Manifest.lock */ = {
			isa = PBXShellScriptBuildPhase;
			buildActionMask = 2147483647;
			files = (
			);
			inputPaths = (
			);
			name = "[CP] Check Pods Manifest.lock";
			outputPaths = (
			);
			runOnlyForDeploymentPostprocessing = 0;
			shellPath = /bin/sh;
			shellScript = "diff \"${PODS_PODFILE_DIR_PATH}/Podfile.lock\" \"${PODS_ROOT}/Manifest.lock\" > /dev/null\nif [ $? != 0 ] ; then\n    # print error to STDERR\n    echo \"error: The sandbox is not in sync with the Podfile.lock. Run 'pod install' or update your CocoaPods installation.\" >&2\n    exit 1\nfi\n";
			showEnvVarsInLog = 0;
		};
		C81B5D09474CA3EF754981A8 /* [CP] Embed Pods Frameworks */ = {
			isa = PBXShellScriptBuildPhase;
			buildActionMask = 2147483647;
			files = (
			);
			inputPaths = (
			);
			name = "[CP] Embed Pods Frameworks";
			outputPaths = (
			);
			runOnlyForDeploymentPostprocessing = 0;
			shellPath = /bin/sh;
			shellScript = "\"${SRCROOT}/Pods/Target Support Files/Pods-PieChartWithPercentageAndTitle/Pods-PieChartWithPercentageAndTitle-frameworks.sh\"\n";
			showEnvVarsInLog = 0;
		};
/* End PBXShellScriptBuildPhase section */

/* Begin PBXSourcesBuildPhase section */
		18E9F9B61EF7CB0300E4705C /* Sources */ = {
			isa = PBXSourcesBuildPhase;
			buildActionMask = 2147483647;
			files = (
				18E39E031EF8152A0090B36B /* SecondViewController.swift in Sources */,
				18E9F9C01EF7CB0400E4705C /* ViewController.swift in Sources */,
				18E9F9BE1EF7CB0300E4705C /* AppDelegate.swift in Sources */,
			);
			runOnlyForDeploymentPostprocessing = 0;
		};
/* End PBXSourcesBuildPhase section */

/* Begin PBXVariantGroup section */
		18E9F9C11EF7CB0400E4705C /* Main.storyboard */ = {
			isa = PBXVariantGroup;
			children = (
				18E9F9C21EF7CB0400E4705C /* Base */,
			);
			name = Main.storyboard;
			sourceTree = "<group>";
		};
		18E9F9C61EF7CB0400E4705C /* LaunchScreen.storyboard */ = {
			isa = PBXVariantGroup;
			children = (
				18E9F9C71EF7CB0400E4705C /* Base */,
			);
			name = LaunchScreen.storyboard;
			sourceTree = "<group>";
		};
/* End PBXVariantGroup section */

/* Begin XCBuildConfiguration section */
		18E9F9CA1EF7CB0400E4705C /* Debug */ = {
			isa = XCBuildConfiguration;
			buildSettings = {
				ALWAYS_SEARCH_USER_PATHS = NO;
				CLANG_ANALYZER_NONNULL = YES;
				CLANG_ANALYZER_NUMBER_OBJECT_CONVERSION = YES_AGGRESSIVE;
				CLANG_CXX_LANGUAGE_STANDARD = "gnu++0x";
				CLANG_CXX_LIBRARY = "libc++";
				CLANG_ENABLE_MODULES = YES;
				CLANG_ENABLE_OBJC_ARC = YES;
				CLANG_WARN_BOOL_CONVERSION = YES;
				CLANG_WARN_CONSTANT_CONVERSION = YES;
				CLANG_WARN_DIRECT_OBJC_ISA_USAGE = YES_ERROR;
				CLANG_WARN_DOCUMENTATION_COMMENTS = YES;
				CLANG_WARN_EMPTY_BODY = YES;
				CLANG_WARN_ENUM_CONVERSION = YES;
				CLANG_WARN_INFINITE_RECURSION = YES;
				CLANG_WARN_INT_CONVERSION = YES;
				CLANG_WARN_OBJC_ROOT_CLASS = YES_ERROR;
				CLANG_WARN_SUSPICIOUS_MOVE = YES;
				CLANG_WARN_UNREACHABLE_CODE = YES;
				CLANG_WARN__DUPLICATE_METHOD_MATCH = YES;
				"CODE_SIGN_IDENTITY[sdk=iphoneos*]" = "iPhone Developer";
				COPY_PHASE_STRIP = NO;
				DEBUG_INFORMATION_FORMAT = dwarf;
				ENABLE_STRICT_OBJC_MSGSEND = YES;
				ENABLE_TESTABILITY = YES;
				GCC_C_LANGUAGE_STANDARD = gnu99;
				GCC_DYNAMIC_NO_PIC = NO;
				GCC_NO_COMMON_BLOCKS = YES;
				GCC_OPTIMIZATION_LEVEL = 0;
				GCC_PREPROCESSOR_DEFINITIONS = (
					"DEBUG=1",
					"$(inherited)",
				);
				GCC_WARN_64_TO_32_BIT_CONVERSION = YES;
				GCC_WARN_ABOUT_RETURN_TYPE = YES_ERROR;
				GCC_WARN_UNDECLARED_SELECTOR = YES;
				GCC_WARN_UNINITIALIZED_AUTOS = YES_AGGRESSIVE;
				GCC_WARN_UNUSED_FUNCTION = YES;
				GCC_WARN_UNUSED_VARIABLE = YES;
				IPHONEOS_DEPLOYMENT_TARGET = 10.3;
				MTL_ENABLE_DEBUG_INFO = YES;
				ONLY_ACTIVE_ARCH = YES;
				SDKROOT = iphoneos;
				SWIFT_ACTIVE_COMPILATION_CONDITIONS = DEBUG;
				SWIFT_OPTIMIZATION_LEVEL = "-Onone";
			};
			name = Debug;
		};
		18E9F9CB1EF7CB0400E4705C /* Release */ = {
			isa = XCBuildConfiguration;
			buildSettings = {
				ALWAYS_SEARCH_USER_PATHS = NO;
				CLANG_ANALYZER_NONNULL = YES;
				CLANG_ANALYZER_NUMBER_OBJECT_CONVERSION = YES_AGGRESSIVE;
				CLANG_CXX_LANGUAGE_STANDARD = "gnu++0x";
				CLANG_CXX_LIBRARY = "libc++";
				CLANG_ENABLE_MODULES = YES;
				CLANG_ENABLE_OBJC_ARC = YES;
				CLANG_WARN_BOOL_CONVERSION = YES;
				CLANG_WARN_CONSTANT_CONVERSION = YES;
				CLANG_WARN_DIRECT_OBJC_ISA_USAGE = YES_ERROR;
				CLANG_WARN_DOCUMENTATION_COMMENTS = YES;
				CLANG_WARN_EMPTY_BODY = YES;
				CLANG_WARN_ENUM_CONVERSION = YES;
				CLANG_WARN_INFINITE_RECURSION = YES;
				CLANG_WARN_INT_CONVERSION = YES;
				CLANG_WARN_OBJC_ROOT_CLASS = YES_ERROR;
				CLANG_WARN_SUSPICIOUS_MOVE = YES;
				CLANG_WARN_UNREACHABLE_CODE = YES;
				CLANG_WARN__DUPLICATE_METHOD_MATCH = YES;
				"CODE_SIGN_IDENTITY[sdk=iphoneos*]" = "iPhone Developer";
				COPY_PHASE_STRIP = NO;
				DEBUG_INFORMATION_FORMAT = "dwarf-with-dsym";
				ENABLE_NS_ASSERTIONS = NO;
				ENABLE_STRICT_OBJC_MSGSEND = YES;
				GCC_C_LANGUAGE_STANDARD = gnu99;
				GCC_NO_COMMON_BLOCKS = YES;
				GCC_WARN_64_TO_32_BIT_CONVERSION = YES;
				GCC_WARN_ABOUT_RETURN_TYPE = YES_ERROR;
				GCC_WARN_UNDECLARED_SELECTOR = YES;
				GCC_WARN_UNINITIALIZED_AUTOS = YES_AGGRESSIVE;
				GCC_WARN_UNUSED_FUNCTION = YES;
				GCC_WARN_UNUSED_VARIABLE = YES;
				IPHONEOS_DEPLOYMENT_TARGET = 10.3;
				MTL_ENABLE_DEBUG_INFO = NO;
				SDKROOT = iphoneos;
				SWIFT_OPTIMIZATION_LEVEL = "-Owholemodule";
				VALIDATE_PRODUCT = YES;
			};
			name = Release;
		};
		18E9F9CD1EF7CB0400E4705C /* Debug */ = {
			isa = XCBuildConfiguration;
			baseConfigurationReference = E5B7AAAEDD73779FF41ED695 /* Pods-PieChartWithPercentageAndTitle.debug.xcconfig */;
			buildSettings = {
				ASSETCATALOG_COMPILER_APPICON_NAME = AppIcon;
				INFOPLIST_FILE = PieChartWithPercentageAndTitle/Info.plist;
				LD_RUNPATH_SEARCH_PATHS = "$(inherited) @executable_path/Frameworks";
				PRODUCT_BUNDLE_IDENTIFIER = mkumar.PieChartWithPercentageAndTitle;
				PRODUCT_NAME = "$(TARGET_NAME)";
				SWIFT_VERSION = 3.0;
			};
			name = Debug;
		};
		18E9F9CE1EF7CB0400E4705C /* Release */ = {
			isa = XCBuildConfiguration;
			baseConfigurationReference = A8277243403255F665851734 /* Pods-PieChartWithPercentageAndTitle.release.xcconfig */;
			buildSettings = {
				ASSETCATALOG_COMPILER_APPICON_NAME = AppIcon;
				INFOPLIST_FILE = PieChartWithPercentageAndTitle/Info.plist;
				LD_RUNPATH_SEARCH_PATHS = "$(inherited) @executable_path/Frameworks";
				PRODUCT_BUNDLE_IDENTIFIER = mkumar.PieChartWithPercentageAndTitle;
				PRODUCT_NAME = "$(TARGET_NAME)";
				SWIFT_VERSION = 3.0;
			};
			name = Release;
		};
/* End XCBuildConfiguration section */

/* Begin XCConfigurationList section */
		18E9F9B51EF7CB0300E4705C /* Build configuration list for PBXProject "PieChartWithPercentageAndTitle" */ = {
			isa = XCConfigurationList;
			buildConfigurations = (
				18E9F9CA1EF7CB0400E4705C /* Debug */,
				18E9F9CB1EF7CB0400E4705C /* Release */,
			);
			defaultConfigurationIsVisible = 0;
			defaultConfigurationName = Release;
		};
		18E9F9CC1EF7CB0400E4705C /* Build configuration list for PBXNativeTarget "PieChartWithPercentageAndTitle" */ = {
			isa = XCConfigurationList;
			buildConfigurations = (
				18E9F9CD1EF7CB0400E4705C /* Debug */,
				18E9F9CE1EF7CB0400E4705C /* Release */,
			);
			defaultConfigurationIsVisible = 0;
			defaultConfigurationName = Release;
		};
/* End XCConfigurationList section */
	};
	rootObject = 18E9F9B21EF7CB0300E4705C /* Project object */;
}
